
Microsoft Visual Studio Solution File, Format Version 12.00
# Visual Studio 15
VisualStudioVersion = 15.0.28307.329
MinimumVisualStudioVersion = 10.0.40219.1
Project("{FAE04EC0-301F-11D3-BF4B-00C04F79EFBC}") = "Genesis", "Genesis\Genesis.csproj", "{FDAACC74-CDB4-4366-A132-475D4A022276}"
EndProject
Project("{FAE04EC0-301F-11D3-BF4B-00C04F79EFBC}") = "Models", "..\Models\Models.csproj", "{0CDCE26B-AC08-4F3C-949B-D8904D2DA326}"
EndProject
Project("{FAE04EC0-301F-11D3-BF4B-00C04F79EFBC}") = "Connection", "Connection\Connection.csproj", "{8C1C2D38-628A-47E4-BAF0-5B499ACB1FE8}"
EndProject
Project("{FAE04EC0-301F-11D3-BF4B-00C04F79EFBC}") = "Business", "Business\Business.csproj", "{1F3A9371-DAEE-4433-8087-1179899E2317}"
EndProject
Global
	GlobalSection(SolutionConfigurationPlatforms) = preSolution
		Debug|Any CPU = Debug|Any CPU
		Release|Any CPU = Release|Any CPU
	EndGlobalSection
	GlobalSection(ProjectConfigurationPlatforms) = postSolution
		{FDAACC74-CDB4-4366-A132-475D4A022276}.Debug|Any CPU.ActiveCfg = Debug|Any CPU
		{FDAACC74-CDB4-4366-A132-475D4A022276}.Debug|Any CPU.Build.0 = Debug|Any CPU
		{FDAACC74-CDB4-4366-A132-475D4A022276}.Release|Any CPU.ActiveCfg = Release|Any CPU
		{FDAACC74-CDB4-4366-A132-475D4A022276}.Release|Any CPU.Build.0 = Release|Any CPU
		{0CDCE26B-AC08-4F3C-949B-D8904D2DA326}.Debug|Any CPU.ActiveCfg = Debug|Any CPU
		{0CDCE26B-AC08-4F3C-949B-D8904D2DA326}.Debug|Any CPU.Build.0 = Debug|Any CPU
		{0CDCE26B-AC08-4F3C-949B-D8904D2DA326}.Release|Any CPU.ActiveCfg = Release|Any CPU
		{0CDCE26B-AC08-4F3C-949B-D8904D2DA326}.Release|Any CPU.Build.0 = Release|Any CPU
		{8C1C2D38-628A-47E4-BAF0-5B499ACB1FE8}.Debug|Any CPU.ActiveCfg = Debug|Any CPU
		{8C1C2D38-628A-47E4-BAF0-5B499ACB1FE8}.Debug|Any CPU.Build.0 = Debug|Any CPU
		{8C1C2D38-628A-47E4-BAF0-5B499ACB1FE8}.Release|Any CPU.ActiveCfg = Release|Any CPU
		{8C1C2D38-628A-47E4-BAF0-5B499ACB1FE8}.Release|Any CPU.Build.0 = Release|Any CPU
		{1F3A9371-DAEE-4433-8087-1179899E2317}.Debug|Any CPU.ActiveCfg = Debug|Any CPU
		{1F3A9371-DAEE-4433-8087-1179899E2317}.Debug|Any CPU.Build.0 = Debug|Any CPU
		{1F3A9371-DAEE-4433-8087-1179899E2317}.Release|Any CPU.ActiveCfg = Release|Any CPU
		{1F3A9371-DAEE-4433-8087-1179899E2317}.Release|Any CPU.Build.0 = Release|Any CPU
	EndGlobalSection
	GlobalSection(SolutionProperties) = preSolution
		HideSolutionNode = FALSE
	EndGlobalSection
	GlobalSection(ExtensibilityGlobals) = postSolution
		SolutionGuid = {F536A69B-4518-46C4-A3FF-D3C79B2A487B}
	EndGlobalSection
EndGlobal
