
Microsoft Visual Studio Solution File, Format Version 12.00
# Visual Studio 15
VisualStudioVersion = 15.0.27703.2018
MinimumVisualStudioVersion = 10.0.40219.1
Project("{FAE04EC0-301F-11D3-BF4B-00C04F79EFBC}") = "DynamicField", "DynamicField\DynamicField.csproj", "{A15F8301-14B0-4857-A68E-205AF1AA155C}"
EndProject
Global
	GlobalSection(SolutionConfigurationPlatforms) = preSolution
		Debug|Any CPU = Debug|Any CPU
		Release|Any CPU = Release|Any CPU
	EndGlobalSection
	GlobalSection(ProjectConfigurationPlatforms) = postSolution
		{A15F8301-14B0-4857-A68E-205AF1AA155C}.Debug|Any CPU.ActiveCfg = Debug|Any CPU
		{A15F8301-14B0-4857-A68E-205AF1AA155C}.Debug|Any CPU.Build.0 = Debug|Any CPU
		{A15F8301-14B0-4857-A68E-205AF1AA155C}.Release|Any CPU.ActiveCfg = Release|Any CPU
		{A15F8301-14B0-4857-A68E-205AF1AA155C}.Release|Any CPU.Build.0 = Release|Any CPU
	EndGlobalSection
	GlobalSection(SolutionProperties) = preSolution
		HideSolutionNode = FALSE
	EndGlobalSection
	GlobalSection(ExtensibilityGlobals) = postSolution
		SolutionGuid = {5399BA58-3DD6-48BE-93AA-0E795B1B349B}
	EndGlobalSection
EndGlobal
